schema: '2.0'
stages:
  prepare:
    cmd: python src/data/preprocessing.py
    deps:
    - path: assets/data/raw
      md5: d187e13a5b048b30d8132ca1ba170ed8.dir
      size: 10408830
      nfiles: 4
    - path: src/data/preprocessing.py
      md5: c4bd701d0865097589c1ff9d14d96e5a
      size: 2109
    outs:
    - path: assets/data/processed
      md5: 5c7922ffed55407cd8c9ab62c812b2c1.dir
      size: 8925018
      nfiles: 3
  train:
    cmd: python src/train.py
    deps:
    - path: assets/data/processed
      md5: 5c7922ffed55407cd8c9ab62c812b2c1.dir
      size: 8925018
      nfiles: 3
    - path: src/train.py
      md5: a8656e26086e4b4748aae2ff4bb63c3b
      size: 2231
    outs:
    - path: assets/models
      md5: 466b3947e63bfb7938c0ad0ec6ac2a6c.dir
      size: 14672034
      nfiles: 2
    - path: assets/outputs
      md5: a7533f45cbeb18347900db01b9598386.dir
      size: 41686721
      nfiles: 5
  evaluate:
    cmd: python src/model/evaluate.py
    deps:
    - path: assets/models
      md5: 466b3947e63bfb7938c0ad0ec6ac2a6c.dir
      size: 14672034
      nfiles: 2
    - path: assets/outputs
      md5: a7533f45cbeb18347900db01b9598386.dir
      size: 41686721
      nfiles: 5
    - path: src/model/evaluate.py
      md5: 33f881754c83fb6545213d568a006f91
      size: 3392
    outs:
    - path: assets/metrics/bag-of-words_metrics.json
      md5: a70e33f1ecf2b4b8fa3a083f152538ae
      size: 113
    - path: assets/metrics/tf-idf_metrics.json
      md5: 61457843c4930721c6f1a62c6021a427
      size: 112
