schema: '2.0'
stages:
  prepare:
    cmd: python src/preprocessing.py
    deps:
    - path: assets/data/raw
      md5: 3d9e62a9c241fcfcf634384a95dd4cf4.dir
      size: 10408878
      nfiles: 4
    - path: src/preprocessing.py
      md5: d29a30860630a39858fc4fe7bea5393b
      size: 1784
    outs:
    - path: assets/data/processed/test.tsv
      md5: 553c3b24f961fee94c977f43afc1b2b3
      size: 844664
    - path: assets/data/processed/train.tsv
      md5: 1af83773d2ea847814e40755915d13db
      size: 6210450
    - path: assets/data/processed/validation.tsv
      md5: fa4dec3a691e4f8d85e3c10804eb8f26
      size: 1869916
  train:
    cmd: python src/train.py
    deps:
    - path: assets/data/processed
      md5: c4e0cb6980dfb09fda2d6313b2120fc2.dir
      size: 8925070
      nfiles: 4
    - path: src/train.py
      md5: 84867f6b965a7d6622523ecf5aadc43e
      size: 2277
    outs:
    - path: assets/models/classifier_tfidf.joblib
      md5: 0296647d17b14f5733a366ec6475e045
      size: 14668735
    - path: assets/models/mlb_classifier.joblib
      md5: fe5c9a09e5441e81fd81da984584844e
      size: 3299
    - path: assets/outputs/tf_idf_reversed_vocab.joblib
      md5: 7beede712c6d985e38ba5bd4479567e1
      size: 304689
    - path: assets/outputs/y_val.joblib
      md5: 5f0321ea7c81661799dc9f85d7253600
      size: 12000186
    - path: assets/outputs/y_val_predicted_mybag.joblib
      md5: 60299b9e7fd5d7cfc735cc69bddabaf5
      size: 12000186
    - path: assets/outputs/y_val_predicted_tfidf.joblib
      md5: a0ca9d7700323e49251836c380aba4f2
      size: 12000186
  evaluate:
    cmd: python src/evaluate.py
    deps:
    - path: assets/models/classifier_tfidf.joblib
      md5: 0296647d17b14f5733a366ec6475e045
      size: 14668735
    - path: assets/models/mlb_classifier.joblib
      md5: fe5c9a09e5441e81fd81da984584844e
      size: 3299
    - path: assets/outputs/tf_idf_reversed_vocab.joblib
      md5: 7beede712c6d985e38ba5bd4479567e1
      size: 304689
    - path: assets/outputs/y_val.joblib
      md5: 5f0321ea7c81661799dc9f85d7253600
      size: 12000186
    - path: assets/outputs/y_val_predicted_mybag.joblib
      md5: 60299b9e7fd5d7cfc735cc69bddabaf5
      size: 12000186
    - path: src/evaluate.py
      md5: 9d572d058426448f702dfc68a4c35d34
      size: 3204
    outs:
    - path: assets/metrics/bag-of-words_metrics.json
      md5: b49d631eb6885255079f9d05e9558b3a
      size: 99
    - path: assets/metrics/tf-idf_metrics.json
      md5: cd07a63a3c21a58dc08490a3a2fcc9eb
      size: 99
